// !$*UTF8*$!
{
	archiveVersion = 1;
	classes = {
	};
	objectVersion = 46;
	objects = {

/* Begin PBXBuildFile section */
		271036AF1C337C8600AC3717 /* AppDelegate.swift in Sources */ = {isa = PBXBuildFile; fileRef = 271036AE1C337C8600AC3717 /* AppDelegate.swift */; };
		271036B11C337C8600AC3717 /* ViewController.swift in Sources */ = {isa = PBXBuildFile; fileRef = 271036B01C337C8600AC3717 /* ViewController.swift */; };
		271036B41C337C8600AC3717 /* Main.storyboard in Resources */ = {isa = PBXBuildFile; fileRef = 271036B21C337C8600AC3717 /* Main.storyboard */; };
		271036B61C337C8600AC3717 /* Assets.xcassets in Resources */ = {isa = PBXBuildFile; fileRef = 271036B51C337C8600AC3717 /* Assets.xcassets */; };
		271036B91C337C8600AC3717 /* LaunchScreen.storyboard in Resources */ = {isa = PBXBuildFile; fileRef = 271036B71C337C8600AC3717 /* LaunchScreen.storyboard */; };
		271036C81C337CA700AC3717 /* OPC.h in Headers */ = {isa = PBXBuildFile; fileRef = 271036C71C337CA700AC3717 /* OPC.h */; settings = {ATTRIBUTES = (Public, ); }; };
		271036CC1C337CA700AC3717 /* OPC.framework in Frameworks */ = {isa = PBXBuildFile; fileRef = 271036C51C337CA700AC3717 /* OPC.framework */; };
		271036CD1C337CA700AC3717 /* OPC.framework in Embed Frameworks */ = {isa = PBXBuildFile; fileRef = 271036C51C337CA700AC3717 /* OPC.framework */; settings = {ATTRIBUTES = (CodeSignOnCopy, RemoveHeadersOnCopy, ); }; };
		271036FB1C337D5300AC3717 /* RxSwift.framework in Embed Frameworks */ = {isa = PBXBuildFile; fileRef = 271036E21C337CC000AC3717 /* RxSwift.framework */; settings = {ATTRIBUTES = (CodeSignOnCopy, RemoveHeadersOnCopy, ); }; };
		271036FD1C337F5C00AC3717 /* Net.swift in Sources */ = {isa = PBXBuildFile; fileRef = 271036FC1C337F5C00AC3717 /* Net.swift */; };
		271036FF1C33806300AC3717 /* Error.swift in Sources */ = {isa = PBXBuildFile; fileRef = 271036FE1C33806300AC3717 /* Error.swift */; };
		271037011C33824D00AC3717 /* SockAddr.swift in Sources */ = {isa = PBXBuildFile; fileRef = 271037001C33824D00AC3717 /* SockAddr.swift */; };
		271037051C33854900AC3717 /* Shims.m in Sources */ = {isa = PBXBuildFile; fileRef = 271037031C33854900AC3717 /* Shims.m */; };
		2710370C1C338F7800AC3717 /* Shims.swift in Sources */ = {isa = PBXBuildFile; fileRef = 2710370B1C338F7800AC3717 /* Shims.swift */; };
		2710370E1C33AA4200AC3717 /* ClientConnection.swift in Sources */ = {isa = PBXBuildFile; fileRef = 2710370D1C33AA4200AC3717 /* ClientConnection.swift */; };
		271D22721C33C9EE00E2798E /* Colors.swift in Sources */ = {isa = PBXBuildFile; fileRef = 271D226E1C33C59500E2798E /* Colors.swift */; };
		273B78B71C65C220007AC781 /* Visualization.swift in Sources */ = {isa = PBXBuildFile; fileRef = 273B78B61C65C220007AC781 /* Visualization.swift */; };
		273B78EE1C65C4FB007AC781 /* VisualizationClient.swift in Sources */ = {isa = PBXBuildFile; fileRef = 273B78ED1C65C4FB007AC781 /* VisualizationClient.swift */; };
		273B78F61C6684F1007AC781 /* ColorsTest.swift in Sources */ = {isa = PBXBuildFile; fileRef = 273B78F51C6684F1007AC781 /* ColorsTest.swift */; };
		273B78F81C6684F1007AC781 /* OPC.framework in Frameworks */ = {isa = PBXBuildFile; fileRef = 271036C51C337CA700AC3717 /* OPC.framework */; };
		276DB3931C65BBB0002723B3 /* Control.swift in Sources */ = {isa = PBXBuildFile; fileRef = 276DB3921C65BBB0002723B3 /* Control.swift */; };
/* End PBXBuildFile section */

/* Begin PBXContainerItemProxy section */
		271036CA1C337CA700AC3717 /* PBXContainerItemProxy */ = {
			isa = PBXContainerItemProxy;
			containerPortal = 271036A31C337C8600AC3717 /* Project object */;
			proxyType = 1;
			remoteGlobalIDString = 271036C41C337CA700AC3717;
			remoteInfo = OPC;
		};
		271036E11C337CC000AC3717 /* PBXContainerItemProxy */ = {
			isa = PBXContainerItemProxy;
			containerPortal = 271036D21C337CC000AC3717 /* Rx.xcodeproj */;
			proxyType = 2;
			remoteGlobalIDString = C8A56AD71AD7424700B4673B;
			remoteInfo = "RxSwift-iOS";
		};
		271036E91C337CC000AC3717 /* PBXContainerItemProxy */ = {
			isa = PBXContainerItemProxy;
			containerPortal = 271036D21C337CC000AC3717 /* Rx.xcodeproj */;
			proxyType = 2;
			remoteGlobalIDString = C809396D1B8A71760088E94D;
			remoteInfo = "RxCocoa-iOS";
		};
		271036F11C337CC000AC3717 /* PBXContainerItemProxy */ = {
			isa = PBXContainerItemProxy;
			containerPortal = 271036D21C337CC000AC3717 /* Rx.xcodeproj */;
			proxyType = 2;
			remoteGlobalIDString = C8093BC71B8A71F00088E94D;
			remoteInfo = "RxBlocking-iOS";
		};
		271036F91C337CDC00AC3717 /* PBXContainerItemProxy */ = {
			isa = PBXContainerItemProxy;
			containerPortal = 271036D21C337CC000AC3717 /* Rx.xcodeproj */;
			proxyType = 1;
			remoteGlobalIDString = C8A56AD61AD7424700B4673B;
			remoteInfo = "RxSwift-iOS";
		};
		273B78CB1C65C220007AC781 /* PBXContainerItemProxy */ = {
			isa = PBXContainerItemProxy;
			containerPortal = 271036D21C337CC000AC3717 /* Rx.xcodeproj */;
			proxyType = 2;
			remoteGlobalIDString = C88BB8711B07E5ED0064D411;
			remoteInfo = "RxSwift-OSX";
		};
		273B78CD1C65C220007AC781 /* PBXContainerItemProxy */ = {
			isa = PBXContainerItemProxy;
			containerPortal = 271036D21C337CC000AC3717 /* Rx.xcodeproj */;
			proxyType = 2;
			remoteGlobalIDString = D2EA280C1BB9B5A200880ED3;
			remoteInfo = "RxSwift-tvOS";
		};
		273B78CF1C65C220007AC781 /* PBXContainerItemProxy */ = {
			isa = PBXContainerItemProxy;
			containerPortal = 271036D21C337CC000AC3717 /* Rx.xcodeproj */;
			proxyType = 2;
			remoteGlobalIDString = C8F0C0021BBBFB8B001B112F;
			remoteInfo = "RxSwift-watchOS";
		};
		273B78D11C65C220007AC781 /* PBXContainerItemProxy */ = {
			isa = PBXContainerItemProxy;
			containerPortal = 271036D21C337CC000AC3717 /* Rx.xcodeproj */;
			proxyType = 2;
			remoteGlobalIDString = C80939E71B8A71840088E94D;
			remoteInfo = "RxCocoa-OSX";
		};
		273B78D31C65C220007AC781 /* PBXContainerItemProxy */ = {
			isa = PBXContainerItemProxy;
			containerPortal = 271036D21C337CC000AC3717 /* Rx.xcodeproj */;
			proxyType = 2;
			remoteGlobalIDString = D2138C751BB9BE9800339B5C;
			remoteInfo = "RxCocoa-tvOS";
		};
		273B78D51C65C220007AC781 /* PBXContainerItemProxy */ = {
			isa = PBXContainerItemProxy;
			containerPortal = 271036D21C337CC000AC3717 /* Rx.xcodeproj */;
			proxyType = 2;
			remoteGlobalIDString = C8F0C04B1BBBFBB9001B112F;
			remoteInfo = "RxCocoa-watchOS";
		};
		273B78D71C65C220007AC781 /* PBXContainerItemProxy */ = {
			isa = PBXContainerItemProxy;
			containerPortal = 271036D21C337CC000AC3717 /* Rx.xcodeproj */;
			proxyType = 2;
			remoteGlobalIDString = C8093C451B8A71FC0088E94D;
			remoteInfo = "RxBlocking-OSX";
		};
		273B78D91C65C220007AC781 /* PBXContainerItemProxy */ = {
			isa = PBXContainerItemProxy;
			containerPortal = 271036D21C337CC000AC3717 /* Rx.xcodeproj */;
			proxyType = 2;
			remoteGlobalIDString = D2EBEB811BB9B99D003A27DC;
			remoteInfo = "RxBlocking-tvOS";
		};
		273B78DB1C65C220007AC781 /* PBXContainerItemProxy */ = {
			isa = PBXContainerItemProxy;
			containerPortal = 271036D21C337CC000AC3717 /* Rx.xcodeproj */;
			proxyType = 2;
			remoteGlobalIDString = C8F0C0581BBBFBCE001B112F;
			remoteInfo = "RxBlocking-watchOS";
		};
		273B78DD1C65C220007AC781 /* PBXContainerItemProxy */ = {
			isa = PBXContainerItemProxy;
			containerPortal = 271036D21C337CC000AC3717 /* Rx.xcodeproj */;
			proxyType = 2;
			remoteGlobalIDString = C88FA50C1C25C44800CCFEA4;
			remoteInfo = "RxTests-iOS";
		};
		273B78DF1C65C220007AC781 /* PBXContainerItemProxy */ = {
			isa = PBXContainerItemProxy;
			containerPortal = 271036D21C337CC000AC3717 /* Rx.xcodeproj */;
			proxyType = 2;
			remoteGlobalIDString = C88FA51D1C25C4B500CCFEA4;
			remoteInfo = "RxTests-OSX";
		};
		273B78E11C65C220007AC781 /* PBXContainerItemProxy */ = {
			isa = PBXContainerItemProxy;
			containerPortal = 271036D21C337CC000AC3717 /* Rx.xcodeproj */;
			proxyType = 2;
			remoteGlobalIDString = C88FA52E1C25C4C000CCFEA4;
			remoteInfo = "RxTests-tvOS";
		};
		273B78E31C65C220007AC781 /* PBXContainerItemProxy */ = {
			isa = PBXContainerItemProxy;
			containerPortal = 271036D21C337CC000AC3717 /* Rx.xcodeproj */;
			proxyType = 2;
			remoteGlobalIDString = C88FA53F1C25C4CC00CCFEA4;
			remoteInfo = "RxTests-watchOS";
		};
		273B78E51C65C220007AC781 /* PBXContainerItemProxy */ = {
			isa = PBXContainerItemProxy;
			containerPortal = 271036D21C337CC000AC3717 /* Rx.xcodeproj */;
			proxyType = 2;
			remoteGlobalIDString = C83508C31C386F6F0027C24C;
			remoteInfo = "AllTests-iOS";
		};
		273B78E71C65C220007AC781 /* PBXContainerItemProxy */ = {
			isa = PBXContainerItemProxy;
			containerPortal = 271036D21C337CC000AC3717 /* Rx.xcodeproj */;
			proxyType = 2;
			remoteGlobalIDString = C83509841C38740E0027C24C;
			remoteInfo = "AllTests-tvOS";
		};
		273B78E91C65C220007AC781 /* PBXContainerItemProxy */ = {
			isa = PBXContainerItemProxy;
			containerPortal = 271036D21C337CC000AC3717 /* Rx.xcodeproj */;
			proxyType = 2;
			remoteGlobalIDString = C83509941C38742C0027C24C;
			remoteInfo = "AllTests-OSX";
		};
		273B78EB1C65C220007AC781 /* PBXContainerItemProxy */ = {
			isa = PBXContainerItemProxy;
			containerPortal = 271036D21C337CC000AC3717 /* Rx.xcodeproj */;
			proxyType = 2;
			remoteGlobalIDString = C85BA04B1C3878740075D68E;
			remoteInfo = PerformanceTests;
		};
		273B78F91C6684F1007AC781 /* PBXContainerItemProxy */ = {
			isa = PBXContainerItemProxy;
			containerPortal = 271036A31C337C8600AC3717 /* Project object */;
			proxyType = 1;
			remoteGlobalIDString = 271036C41C337CA700AC3717;
			remoteInfo = OPC;
		};
		273B78FE1C669E07007AC781 /* PBXContainerItemProxy */ = {
			isa = PBXContainerItemProxy;
			containerPortal = 271036A31C337C8600AC3717 /* Project object */;
			proxyType = 1;
			remoteGlobalIDString = 271036AA1C337C8600AC3717;
			remoteInfo = SwiftledMobile;
		};
/* End PBXContainerItemProxy section */

/* Begin PBXCopyFilesBuildPhase section */
		271036D11C337CA700AC3717 /* Embed Frameworks */ = {
			isa = PBXCopyFilesBuildPhase;
			buildActionMask = 2147483647;
			dstPath = "";
			dstSubfolderSpec = 10;
			files = (
				271036FB1C337D5300AC3717 /* RxSwift.framework in Embed Frameworks */,
				271036CD1C337CA700AC3717 /* OPC.framework in Embed Frameworks */,
			);
			name = "Embed Frameworks";
			runOnlyForDeploymentPostprocessing = 0;
		};
/* End PBXCopyFilesBuildPhase section */

/* Begin PBXFileReference section */
		271036AB1C337C8600AC3717 /* SwiftledMobile.app */ = {isa = PBXFileReference; explicitFileType = wrapper.application; includeInIndex = 0; path = SwiftledMobile.app; sourceTree = BUILT_PRODUCTS_DIR; };
		271036AE1C337C8600AC3717 /* AppDelegate.swift */ = {isa = PBXFileReference; lastKnownFileType = sourcecode.swift; path = AppDelegate.swift; sourceTree = "<group>"; };
		271036B01C337C8600AC3717 /* ViewController.swift */ = {isa = PBXFileReference; lastKnownFileType = sourcecode.swift; path = ViewController.swift; sourceTree = "<group>"; };
		271036B31C337C8600AC3717 /* Base */ = {isa = PBXFileReference; lastKnownFileType = file.storyboard; name = Base; path = Base.lproj/Main.storyboard; sourceTree = "<group>"; };
		271036B51C337C8600AC3717 /* Assets.xcassets */ = {isa = PBXFileReference; lastKnownFileType = folder.assetcatalog; path = Assets.xcassets; sourceTree = "<group>"; };
		271036B81C337C8600AC3717 /* Base */ = {isa = PBXFileReference; lastKnownFileType = file.storyboard; name = Base; path = Base.lproj/LaunchScreen.storyboard; sourceTree = "<group>"; };
		271036BA1C337C8600AC3717 /* Info.plist */ = {isa = PBXFileReference; lastKnownFileType = text.plist.xml; path = Info.plist; sourceTree = "<group>"; };
		271036C51C337CA700AC3717 /* OPC.framework */ = {isa = PBXFileReference; explicitFileType = wrapper.framework; includeInIndex = 0; path = OPC.framework; sourceTree = BUILT_PRODUCTS_DIR; };
		271036C71C337CA700AC3717 /* OPC.h */ = {isa = PBXFileReference; lastKnownFileType = sourcecode.c.h; path = OPC.h; sourceTree = "<group>"; };
		271036C91C337CA700AC3717 /* Info.plist */ = {isa = PBXFileReference; lastKnownFileType = text.plist.xml; path = Info.plist; sourceTree = "<group>"; };
		271036D21C337CC000AC3717 /* Rx.xcodeproj */ = {isa = PBXFileReference; lastKnownFileType = "wrapper.pb-project"; name = Rx.xcodeproj; path = ../RxSwift/Rx.xcodeproj; sourceTree = "<group>"; };
		271036FC1C337F5C00AC3717 /* Net.swift */ = {isa = PBXFileReference; fileEncoding = 4; lastKnownFileType = sourcecode.swift; path = Net.swift; sourceTree = "<group>"; };
		271036FE1C33806300AC3717 /* Error.swift */ = {isa = PBXFileReference; fileEncoding = 4; lastKnownFileType = sourcecode.swift; path = Error.swift; sourceTree = "<group>"; };
		271037001C33824D00AC3717 /* SockAddr.swift */ = {isa = PBXFileReference; fileEncoding = 4; lastKnownFileType = sourcecode.swift; path = SockAddr.swift; sourceTree = "<group>"; };
		271037031C33854900AC3717 /* Shims.m */ = {isa = PBXFileReference; fileEncoding = 4; lastKnownFileType = sourcecode.c.objc; path = Shims.m; sourceTree = "<group>"; };
		2710370A1C338E1F00AC3717 /* SwiftledPlayground.playground */ = {isa = PBXFileReference; lastKnownFileType = file.playground; path = SwiftledPlayground.playground; sourceTree = "<group>"; };
		2710370B1C338F7800AC3717 /* Shims.swift */ = {isa = PBXFileReference; fileEncoding = 4; lastKnownFileType = sourcecode.swift; name = Shims.swift; path = ../../SwiftledMobile/Shims.swift; sourceTree = "<group>"; };
		2710370D1C33AA4200AC3717 /* ClientConnection.swift */ = {isa = PBXFileReference; fileEncoding = 4; lastKnownFileType = sourcecode.swift; path = ClientConnection.swift; sourceTree = "<group>"; };
		271D226E1C33C59500E2798E /* Colors.swift */ = {isa = PBXFileReference; fileEncoding = 4; lastKnownFileType = sourcecode.swift; path = Colors.swift; sourceTree = "<group>"; };
		273B78B61C65C220007AC781 /* Visualization.swift */ = {isa = PBXFileReference; fileEncoding = 4; lastKnownFileType = sourcecode.swift; path = Visualization.swift; sourceTree = "<group>"; };
		273B78ED1C65C4FB007AC781 /* VisualizationClient.swift */ = {isa = PBXFileReference; fileEncoding = 4; lastKnownFileType = sourcecode.swift; path = VisualizationClient.swift; sourceTree = "<group>"; };
		273B78F31C6684F1007AC781 /* OPCTests.xctest */ = {isa = PBXFileReference; explicitFileType = wrapper.cfbundle; includeInIndex = 0; path = OPCTests.xctest; sourceTree = BUILT_PRODUCTS_DIR; };
		273B78F51C6684F1007AC781 /* ColorsTest.swift */ = {isa = PBXFileReference; lastKnownFileType = sourcecode.swift; path = ColorsTest.swift; sourceTree = "<group>"; };
		273B78F71C6684F1007AC781 /* Info.plist */ = {isa = PBXFileReference; lastKnownFileType = text.plist.xml; path = Info.plist; sourceTree = "<group>"; };
		276DB3921C65BBB0002723B3 /* Control.swift */ = {isa = PBXFileReference; fileEncoding = 4; lastKnownFileType = sourcecode.swift; path = Control.swift; sourceTree = "<group>"; };
/* End PBXFileReference section */

/* Begin PBXFrameworksBuildPhase section */
		271036A81C337C8600AC3717 /* Frameworks */ = {
			isa = PBXFrameworksBuildPhase;
			buildActionMask = 2147483647;
			files = (
				271036CC1C337CA700AC3717 /* OPC.framework in Frameworks */,
			);
			runOnlyForDeploymentPostprocessing = 0;
		};
		271036C11C337CA700AC3717 /* Frameworks */ = {
			isa = PBXFrameworksBuildPhase;
			buildActionMask = 2147483647;
			files = (
			);
			runOnlyForDeploymentPostprocessing = 0;
		};
		273B78F01C6684F1007AC781 /* Frameworks */ = {
			isa = PBXFrameworksBuildPhase;
			buildActionMask = 2147483647;
			files = (
				273B78F81C6684F1007AC781 /* OPC.framework in Frameworks */,
			);
			runOnlyForDeploymentPostprocessing = 0;
		};
/* End PBXFrameworksBuildPhase section */

/* Begin PBXGroup section */
		271036A21C337C8600AC3717 = {
			isa = PBXGroup;
			children = (
				2710370A1C338E1F00AC3717 /* SwiftledPlayground.playground */,
				271036AD1C337C8600AC3717 /* SwiftledMobile */,
				271036C61C337CA700AC3717 /* OPC */,
				273B78F41C6684F1007AC781 /* OPCTests */,
				271036AC1C337C8600AC3717 /* Products */,
				271036D21C337CC000AC3717 /* Rx.xcodeproj */,
			);
			sourceTree = "<group>";
		};
		271036AC1C337C8600AC3717 /* Products */ = {
			isa = PBXGroup;
			children = (
				271036AB1C337C8600AC3717 /* SwiftledMobile.app */,
				271036C51C337CA700AC3717 /* OPC.framework */,
				273B78F31C6684F1007AC781 /* OPCTests.xctest */,
			);
			name = Products;
			sourceTree = "<group>";
		};
		271036AD1C337C8600AC3717 /* SwiftledMobile */ = {
			isa = PBXGroup;
			children = (
				271036AE1C337C8600AC3717 /* AppDelegate.swift */,
				271036B01C337C8600AC3717 /* ViewController.swift */,
				271036B21C337C8600AC3717 /* Main.storyboard */,
				271036B51C337C8600AC3717 /* Assets.xcassets */,
				271036B71C337C8600AC3717 /* LaunchScreen.storyboard */,
				271036BA1C337C8600AC3717 /* Info.plist */,
				276DB3921C65BBB0002723B3 /* Control.swift */,
				273B78B61C65C220007AC781 /* Visualization.swift */,
				273B78ED1C65C4FB007AC781 /* VisualizationClient.swift */,
			);
			path = SwiftledMobile;
			sourceTree = "<group>";
		};
		271036C61C337CA700AC3717 /* OPC */ = {
			isa = PBXGroup;
			children = (
				271036C71C337CA700AC3717 /* OPC.h */,
				271036C91C337CA700AC3717 /* Info.plist */,
				271036FE1C33806300AC3717 /* Error.swift */,
				271036FC1C337F5C00AC3717 /* Net.swift */,
				271037001C33824D00AC3717 /* SockAddr.swift */,
				271037031C33854900AC3717 /* Shims.m */,
				2710370B1C338F7800AC3717 /* Shims.swift */,
				2710370D1C33AA4200AC3717 /* ClientConnection.swift */,
				271D226E1C33C59500E2798E /* Colors.swift */,
			);
			name = OPC;
			path = ../Sources/OPC;
			sourceTree = "<group>";
		};
		271036D31C337CC000AC3717 /* Products */ = {
			isa = PBXGroup;
			children = (
				271036E21C337CC000AC3717 /* RxSwift.framework */,
				273B78CC1C65C220007AC781 /* RxSwift.framework */,
				273B78CE1C65C220007AC781 /* RxSwift.framework */,
				273B78D01C65C220007AC781 /* RxSwift.framework */,
				271036EA1C337CC000AC3717 /* RxCocoa.framework */,
				273B78D21C65C220007AC781 /* RxCocoa.framework */,
				273B78D41C65C220007AC781 /* RxCocoa.framework */,
				273B78D61C65C220007AC781 /* RxCocoa.framework */,
				271036F21C337CC000AC3717 /* RxBlocking.framework */,
				273B78D81C65C220007AC781 /* RxBlocking.framework */,
				273B78DA1C65C220007AC781 /* RxBlocking.framework */,
				273B78DC1C65C220007AC781 /* RxBlocking.framework */,
				273B78DE1C65C220007AC781 /* RxTests.framework */,
				273B78E01C65C220007AC781 /* RxTests.framework */,
				273B78E21C65C220007AC781 /* RxTests.framework */,
				273B78E41C65C220007AC781 /* RxTests.framework */,
				273B78E61C65C220007AC781 /* AllTests-iOS.xctest */,
				273B78E81C65C220007AC781 /* AllTests-tvOS.xctest */,
				273B78EA1C65C220007AC781 /* AllTests-OSX.xctest */,
				273B78EC1C65C220007AC781 /* PerformanceTests.app */,
			);
			name = Products;
			sourceTree = "<group>";
		};
		273B78F41C6684F1007AC781 /* OPCTests */ = {
			isa = PBXGroup;
			children = (
				273B78F51C6684F1007AC781 /* ColorsTest.swift */,
				273B78F71C6684F1007AC781 /* Info.plist */,
			);
			path = OPCTests;
			sourceTree = "<group>";
		};
/* End PBXGroup section */

/* Begin PBXHeadersBuildPhase section */
		271036C21C337CA700AC3717 /* Headers */ = {
			isa = PBXHeadersBuildPhase;
			buildActionMask = 2147483647;
			files = (
				271036C81C337CA700AC3717 /* OPC.h in Headers */,
			);
			runOnlyForDeploymentPostprocessing = 0;
		};
/* End PBXHeadersBuildPhase section */

/* Begin PBXNativeTarget section */
		271036AA1C337C8600AC3717 /* SwiftledMobile */ = {
			isa = PBXNativeTarget;
			buildConfigurationList = 271036BD1C337C8600AC3717 /* Build configuration list for PBXNativeTarget "SwiftledMobile" */;
			buildPhases = (
				271036A71C337C8600AC3717 /* Sources */,
				271036A81C337C8600AC3717 /* Frameworks */,
				271036A91C337C8600AC3717 /* Resources */,
				271036D11C337CA700AC3717 /* Embed Frameworks */,
			);
			buildRules = (
			);
			dependencies = (
				271036CB1C337CA700AC3717 /* PBXTargetDependency */,
			);
			name = SwiftledMobile;
			productName = SwiftledMobile;
			productReference = 271036AB1C337C8600AC3717 /* SwiftledMobile.app */;
			productType = "com.apple.product-type.application";
		};
		271036C41C337CA700AC3717 /* OPC */ = {
			isa = PBXNativeTarget;
			buildConfigurationList = 271036CE1C337CA700AC3717 /* Build configuration list for PBXNativeTarget "OPC" */;
			buildPhases = (
				271036C01C337CA700AC3717 /* Sources */,
				271036C11C337CA700AC3717 /* Frameworks */,
				271036C21C337CA700AC3717 /* Headers */,
				271036C31C337CA700AC3717 /* Resources */,
			);
			buildRules = (
			);
			dependencies = (
				271036FA1C337CDC00AC3717 /* PBXTargetDependency */,
			);
			name = OPC;
			productName = OPC;
			productReference = 271036C51C337CA700AC3717 /* OPC.framework */;
			productType = "com.apple.product-type.framework";
		};
		273B78F21C6684F1007AC781 /* OPCTests */ = {
			isa = PBXNativeTarget;
			buildConfigurationList = 273B78FB1C6684F1007AC781 /* Build configuration list for PBXNativeTarget "OPCTests" */;
			buildPhases = (
				273B78EF1C6684F1007AC781 /* Sources */,
				273B78F01C6684F1007AC781 /* Frameworks */,
				273B78F11C6684F1007AC781 /* Resources */,
			);
			buildRules = (
			);
			dependencies = (
				273B78FA1C6684F1007AC781 /* PBXTargetDependency */,
				273B78FF1C669E07007AC781 /* PBXTargetDependency */,
			);
			name = OPCTests;
			productName = OPCTests;
			productReference = 273B78F31C6684F1007AC781 /* OPCTests.xctest */;
			productType = "com.apple.product-type.bundle.unit-test";
		};
/* End PBXNativeTarget section */

/* Begin PBXProject section */
		271036A31C337C8600AC3717 /* Project object */ = {
			isa = PBXProject;
			attributes = {
				LastSwiftUpdateCheck = 0720;
				LastUpgradeCheck = 0720;
				ORGANIZATIONNAME = "Lolrus Industries";
				TargetAttributes = {
					271036AA1C337C8600AC3717 = {
						CreatedOnToolsVersion = 7.2;
						DevelopmentTeam = 4NHJL99NX7;
					};
					271036C41C337CA700AC3717 = {
						CreatedOnToolsVersion = 7.2;
					};
					273B78F21C6684F1007AC781 = {
						CreatedOnToolsVersion = 7.2.1;
						TestTargetID = 271036AA1C337C8600AC3717;
					};
				};
			};
			buildConfigurationList = 271036A61C337C8600AC3717 /* Build configuration list for PBXProject "SwiftledMobile" */;
			compatibilityVersion = "Xcode 3.2";
			developmentRegion = English;
			hasScannedForEncodings = 0;
			knownRegions = (
				en,
				Base,
			);
			mainGroup = 271036A21C337C8600AC3717;
			productRefGroup = 271036AC1C337C8600AC3717 /* Products */;
			projectDirPath = "";
			projectReferences = (
				{
					ProductGroup = 271036D31C337CC000AC3717 /* Products */;
					ProjectRef = 271036D21C337CC000AC3717 /* Rx.xcodeproj */;
				},
			);
			projectRoot = "";
			targets = (
				271036AA1C337C8600AC3717 /* SwiftledMobile */,
				271036C41C337CA700AC3717 /* OPC */,
				273B78F21C6684F1007AC781 /* OPCTests */,
			);
		};
/* End PBXProject section */

/* Begin PBXReferenceProxy section */
		271036E21C337CC000AC3717 /* RxSwift.framework */ = {
			isa = PBXReferenceProxy;
			fileType = wrapper.framework;
			path = RxSwift.framework;
			remoteRef = 271036E11C337CC000AC3717 /* PBXContainerItemProxy */;
			sourceTree = BUILT_PRODUCTS_DIR;
		};
		271036EA1C337CC000AC3717 /* RxCocoa.framework */ = {
			isa = PBXReferenceProxy;
			fileType = wrapper.framework;
			path = RxCocoa.framework;
			remoteRef = 271036E91C337CC000AC3717 /* PBXContainerItemProxy */;
			sourceTree = BUILT_PRODUCTS_DIR;
		};
		271036F21C337CC000AC3717 /* RxBlocking.framework */ = {
			isa = PBXReferenceProxy;
			fileType = wrapper.framework;
			path = RxBlocking.framework;
			remoteRef = 271036F11C337CC000AC3717 /* PBXContainerItemProxy */;
			sourceTree = BUILT_PRODUCTS_DIR;
		};
		273B78CC1C65C220007AC781 /* RxSwift.framework */ = {
			isa = PBXReferenceProxy;
			fileType = wrapper.framework;
			path = RxSwift.framework;
			remoteRef = 273B78CB1C65C220007AC781 /* PBXContainerItemProxy */;
			sourceTree = BUILT_PRODUCTS_DIR;
		};
		273B78CE1C65C220007AC781 /* RxSwift.framework */ = {
			isa = PBXReferenceProxy;
			fileType = wrapper.framework;
			path = RxSwift.framework;
			remoteRef = 273B78CD1C65C220007AC781 /* PBXContainerItemProxy */;
			sourceTree = BUILT_PRODUCTS_DIR;
		};
		273B78D01C65C220007AC781 /* RxSwift.framework */ = {
			isa = PBXReferenceProxy;
			fileType = wrapper.framework;
			path = RxSwift.framework;
			remoteRef = 273B78CF1C65C220007AC781 /* PBXContainerItemProxy */;
			sourceTree = BUILT_PRODUCTS_DIR;
		};
		273B78D21C65C220007AC781 /* RxCocoa.framework */ = {
			isa = PBXReferenceProxy;
			fileType = wrapper.framework;
			path = RxCocoa.framework;
			remoteRef = 273B78D11C65C220007AC781 /* PBXContainerItemProxy */;
			sourceTree = BUILT_PRODUCTS_DIR;
		};
		273B78D41C65C220007AC781 /* RxCocoa.framework */ = {
			isa = PBXReferenceProxy;
			fileType = wrapper.framework;
			path = RxCocoa.framework;
			remoteRef = 273B78D31C65C220007AC781 /* PBXContainerItemProxy */;
			sourceTree = BUILT_PRODUCTS_DIR;
		};
		273B78D61C65C220007AC781 /* RxCocoa.framework */ = {
			isa = PBXReferenceProxy;
			fileType = wrapper.framework;
			path = RxCocoa.framework;
			remoteRef = 273B78D51C65C220007AC781 /* PBXContainerItemProxy */;
			sourceTree = BUILT_PRODUCTS_DIR;
		};
		273B78D81C65C220007AC781 /* RxBlocking.framework */ = {
			isa = PBXReferenceProxy;
			fileType = wrapper.framework;
			path = RxBlocking.framework;
			remoteRef = 273B78D71C65C220007AC781 /* PBXContainerItemProxy */;
			sourceTree = BUILT_PRODUCTS_DIR;
		};
		273B78DA1C65C220007AC781 /* RxBlocking.framework */ = {
			isa = PBXReferenceProxy;
			fileType = wrapper.framework;
			path = RxBlocking.framework;
			remoteRef = 273B78D91C65C220007AC781 /* PBXContainerItemProxy */;
			sourceTree = BUILT_PRODUCTS_DIR;
		};
		273B78DC1C65C220007AC781 /* RxBlocking.framework */ = {
			isa = PBXReferenceProxy;
			fileType = wrapper.framework;
			path = RxBlocking.framework;
			remoteRef = 273B78DB1C65C220007AC781 /* PBXContainerItemProxy */;
			sourceTree = BUILT_PRODUCTS_DIR;
		};
		273B78DE1C65C220007AC781 /* RxTests.framework */ = {
			isa = PBXReferenceProxy;
			fileType = wrapper.framework;
			path = RxTests.framework;
			remoteRef = 273B78DD1C65C220007AC781 /* PBXContainerItemProxy */;
			sourceTree = BUILT_PRODUCTS_DIR;
		};
		273B78E01C65C220007AC781 /* RxTests.framework */ = {
			isa = PBXReferenceProxy;
			fileType = wrapper.framework;
			path = RxTests.framework;
			remoteRef = 273B78DF1C65C220007AC781 /* PBXContainerItemProxy */;
			sourceTree = BUILT_PRODUCTS_DIR;
		};
		273B78E21C65C220007AC781 /* RxTests.framework */ = {
			isa = PBXReferenceProxy;
			fileType = wrapper.framework;
			path = RxTests.framework;
			remoteRef = 273B78E11C65C220007AC781 /* PBXContainerItemProxy */;
			sourceTree = BUILT_PRODUCTS_DIR;
		};
		273B78E41C65C220007AC781 /* RxTests.framework */ = {
			isa = PBXReferenceProxy;
			fileType = wrapper.framework;
			path = RxTests.framework;
			remoteRef = 273B78E31C65C220007AC781 /* PBXContainerItemProxy */;
			sourceTree = BUILT_PRODUCTS_DIR;
		};
		273B78E61C65C220007AC781 /* AllTests-iOS.xctest */ = {
			isa = PBXReferenceProxy;
			fileType = wrapper.cfbundle;
			path = "AllTests-iOS.xctest";
			remoteRef = 273B78E51C65C220007AC781 /* PBXContainerItemProxy */;
			sourceTree = BUILT_PRODUCTS_DIR;
		};
		273B78E81C65C220007AC781 /* AllTests-tvOS.xctest */ = {
			isa = PBXReferenceProxy;
			fileType = wrapper.cfbundle;
			path = "AllTests-tvOS.xctest";
			remoteRef = 273B78E71C65C220007AC781 /* PBXContainerItemProxy */;
			sourceTree = BUILT_PRODUCTS_DIR;
		};
		273B78EA1C65C220007AC781 /* AllTests-OSX.xctest */ = {
			isa = PBXReferenceProxy;
			fileType = wrapper.cfbundle;
			path = "AllTests-OSX.xctest";
			remoteRef = 273B78E91C65C220007AC781 /* PBXContainerItemProxy */;
			sourceTree = BUILT_PRODUCTS_DIR;
		};
		273B78EC1C65C220007AC781 /* PerformanceTests.app */ = {
			isa = PBXReferenceProxy;
			fileType = wrapper.application;
			path = PerformanceTests.app;
			remoteRef = 273B78EB1C65C220007AC781 /* PBXContainerItemProxy */;
			sourceTree = BUILT_PRODUCTS_DIR;
		};
/* End PBXReferenceProxy section */

/* Begin PBXResourcesBuildPhase section */
		271036A91C337C8600AC3717 /* Resources */ = {
			isa = PBXResourcesBuildPhase;
			buildActionMask = 2147483647;
			files = (
				271036B91C337C8600AC3717 /* LaunchScreen.storyboard in Resources */,
				271036B61C337C8600AC3717 /* Assets.xcassets in Resources */,
				271036B41C337C8600AC3717 /* Main.storyboard in Resources */,
			);
			runOnlyForDeploymentPostprocessing = 0;
		};
		271036C31C337CA700AC3717 /* Resources */ = {
			isa = PBXResourcesBuildPhase;
			buildActionMask = 2147483647;
			files = (
			);
			runOnlyForDeploymentPostprocessing = 0;
		};
		273B78F11C6684F1007AC781 /* Resources */ = {
			isa = PBXResourcesBuildPhase;
			buildActionMask = 2147483647;
			files = (
			);
			runOnlyForDeploymentPostprocessing = 0;
		};
/* End PBXResourcesBuildPhase section */

/* Begin PBXSourcesBuildPhase section */
		271036A71C337C8600AC3717 /* Sources */ = {
			isa = PBXSourcesBuildPhase;
			buildActionMask = 2147483647;
			files = (
				273B78EE1C65C4FB007AC781 /* VisualizationClient.swift in Sources */,
				273B78B71C65C220007AC781 /* Visualization.swift in Sources */,
				271036B11C337C8600AC3717 /* ViewController.swift in Sources */,
				271036AF1C337C8600AC3717 /* AppDelegate.swift in Sources */,
				276DB3931C65BBB0002723B3 /* Control.swift in Sources */,
			);
			runOnlyForDeploymentPostprocessing = 0;
		};
		271036C01C337CA700AC3717 /* Sources */ = {
			isa = PBXSourcesBuildPhase;
			buildActionMask = 2147483647;
			files = (
				2710370E1C33AA4200AC3717 /* ClientConnection.swift in Sources */,
				271036FF1C33806300AC3717 /* Error.swift in Sources */,
				271036FD1C337F5C00AC3717 /* Net.swift in Sources */,
				271D22721C33C9EE00E2798E /* Colors.swift in Sources */,
				271037051C33854900AC3717 /* Shims.m in Sources */,
				2710370C1C338F7800AC3717 /* Shims.swift in Sources */,
				271037011C33824D00AC3717 /* SockAddr.swift in Sources */,
			);
			runOnlyForDeploymentPostprocessing = 0;
		};
		273B78EF1C6684F1007AC781 /* Sources */ = {
			isa = PBXSourcesBuildPhase;
			buildActionMask = 2147483647;
			files = (
				273B78F61C6684F1007AC781 /* ColorsTest.swift in Sources */,
			);
			runOnlyForDeploymentPostprocessing = 0;
		};
/* End PBXSourcesBuildPhase section */

/* Begin PBXTargetDependency section */
		271036CB1C337CA700AC3717 /* PBXTargetDependency */ = {
			isa = PBXTargetDependency;
			target = 271036C41C337CA700AC3717 /* OPC */;
			targetProxy = 271036CA1C337CA700AC3717 /* PBXContainerItemProxy */;
		};
		271036FA1C337CDC00AC3717 /* PBXTargetDependency */ = {
			isa = PBXTargetDependency;
			name = "RxSwift-iOS";
			targetProxy = 271036F91C337CDC00AC3717 /* PBXContainerItemProxy */;
		};
		273B78FA1C6684F1007AC781 /* PBXTargetDependency */ = {
			isa = PBXTargetDependency;
			target = 271036C41C337CA700AC3717 /* OPC */;
			targetProxy = 273B78F91C6684F1007AC781 /* PBXContainerItemProxy */;
		};
		273B78FF1C669E07007AC781 /* PBXTargetDependency */ = {
			isa = PBXTargetDependency;
			target = 271036AA1C337C8600AC3717 /* SwiftledMobile */;
			targetProxy = 273B78FE1C669E07007AC781 /* PBXContainerItemProxy */;
		};
/* End PBXTargetDependency section */

/* Begin PBXVariantGroup section */
		271036B21C337C8600AC3717 /* Main.storyboard */ = {
			isa = PBXVariantGroup;
			children = (
				271036B31C337C8600AC3717 /* Base */,
			);
			name = Main.storyboard;
			sourceTree = "<group>";
		};
		271036B71C337C8600AC3717 /* LaunchScreen.storyboard */ = {
			isa = PBXVariantGroup;
			children = (
				271036B81C337C8600AC3717 /* Base */,
			);
			name = LaunchScreen.storyboard;
			sourceTree = "<group>";
		};
/* End PBXVariantGroup section */

/* Begin XCBuildConfiguration section */
		271036BB1C337C8600AC3717 /* Debug */ = {
			isa = XCBuildConfiguration;
			buildSettings = {
				ALWAYS_SEARCH_USER_PATHS = NO;
				CLANG_CXX_LANGUAGE_STANDARD = "gnu++0x";
				CLANG_CXX_LIBRARY = "libc++";
				CLANG_ENABLE_MODULES = YES;
				CLANG_ENABLE_OBJC_ARC = YES;
				CLANG_WARN_BOOL_CONVERSION = YES;
				CLANG_WARN_CONSTANT_CONVERSION = YES;
				CLANG_WARN_DIRECT_OBJC_ISA_USAGE = YES_ERROR;
				CLANG_WARN_EMPTY_BODY = YES;
				CLANG_WARN_ENUM_CONVERSION = YES;
				CLANG_WARN_INT_CONVERSION = YES;
				CLANG_WARN_OBJC_ROOT_CLASS = YES_ERROR;
				CLANG_WARN_UNREACHABLE_CODE = YES;
				CLANG_WARN__DUPLICATE_METHOD_MATCH = YES;
				"CODE_SIGN_IDENTITY[sdk=iphoneos*]" = "iPhone Developer";
				COPY_PHASE_STRIP = NO;
				DEBUG_INFORMATION_FORMAT = dwarf;
				ENABLE_STRICT_OBJC_MSGSEND = YES;
				ENABLE_TESTABILITY = YES;
				GCC_C_LANGUAGE_STANDARD = gnu99;
				GCC_DYNAMIC_NO_PIC = NO;
				GCC_NO_COMMON_BLOCKS = YES;
				GCC_OPTIMIZATION_LEVEL = 0;
				GCC_PREPROCESSOR_DEFINITIONS = (
					"DEBUG=1",
					"$(inherited)",
				);
				GCC_WARN_64_TO_32_BIT_CONVERSION = YES;
				GCC_WARN_ABOUT_RETURN_TYPE = YES_ERROR;
				GCC_WARN_UNDECLARED_SELECTOR = YES;
				GCC_WARN_UNINITIALIZED_AUTOS = YES_AGGRESSIVE;
				GCC_WARN_UNUSED_FUNCTION = YES;
				GCC_WARN_UNUSED_VARIABLE = YES;
				IPHONEOS_DEPLOYMENT_TARGET = 9.2;
				MTL_ENABLE_DEBUG_INFO = YES;
				ONLY_ACTIVE_ARCH = YES;
				SDKROOT = iphoneos;
				SWIFT_OPTIMIZATION_LEVEL = "-Onone";
				TARGETED_DEVICE_FAMILY = "1,2";
			};
			name = Debug;
		};
		271036BC1C337C8600AC3717 /* Release */ = {
			isa = XCBuildConfiguration;
			buildSettings = {
				ALWAYS_SEARCH_USER_PATHS = NO;
				CLANG_CXX_LANGUAGE_STANDARD = "gnu++0x";
				CLANG_CXX_LIBRARY = "libc++";
				CLANG_ENABLE_MODULES = YES;
				CLANG_ENABLE_OBJC_ARC = YES;
				CLANG_WARN_BOOL_CONVERSION = YES;
				CLANG_WARN_CONSTANT_CONVERSION = YES;
				CLANG_WARN_DIRECT_OBJC_ISA_USAGE = YES_ERROR;
				CLANG_WARN_EMPTY_BODY = YES;
				CLANG_WARN_ENUM_CONVERSION = YES;
				CLANG_WARN_INT_CONVERSION = YES;
				CLANG_WARN_OBJC_ROOT_CLASS = YES_ERROR;
				CLANG_WARN_UNREACHABLE_CODE = YES;
				CLANG_WARN__DUPLICATE_METHOD_MATCH = YES;
				"CODE_SIGN_IDENTITY[sdk=iphoneos*]" = "iPhone Developer";
				COPY_PHASE_STRIP = NO;
				DEBUG_INFORMATION_FORMAT = "dwarf-with-dsym";
				ENABLE_NS_ASSERTIONS = NO;
				ENABLE_STRICT_OBJC_MSGSEND = YES;
				GCC_C_LANGUAGE_STANDARD = gnu99;
				GCC_NO_COMMON_BLOCKS = YES;
				GCC_WARN_64_TO_32_BIT_CONVERSION = YES;
				GCC_WARN_ABOUT_RETURN_TYPE = YES_ERROR;
				GCC_WARN_UNDECLARED_SELECTOR = YES;
				GCC_WARN_UNINITIALIZED_AUTOS = YES_AGGRESSIVE;
				GCC_WARN_UNUSED_FUNCTION = YES;
				GCC_WARN_UNUSED_VARIABLE = YES;
				IPHONEOS_DEPLOYMENT_TARGET = 9.2;
				MTL_ENABLE_DEBUG_INFO = NO;
				SDKROOT = iphoneos;
				SWIFT_OPTIMIZATION_LEVEL = "-Owholemodule";
				TARGETED_DEVICE_FAMILY = "1,2";
				VALIDATE_PRODUCT = YES;
			};
			name = Release;
		};
		271036BE1C337C8600AC3717 /* Debug */ = {
			isa = XCBuildConfiguration;
			buildSettings = {
				ASSETCATALOG_COMPILER_APPICON_NAME = AppIcon;
				CODE_SIGN_IDENTITY = "iPhone Developer";
				"CODE_SIGN_IDENTITY[sdk=iphoneos*]" = "iPhone Developer";
				EMBEDDED_CONTENT_CONTAINS_SWIFT = YES;
				INFOPLIST_FILE = SwiftledMobile/Info.plist;
				LD_RUNPATH_SEARCH_PATHS = "$(inherited) @executable_path/Frameworks";
				PRODUCT_BUNDLE_IDENTIFIER = com.swiftled.SwiftledMobile;
				PRODUCT_NAME = "$(TARGET_NAME)";
				PROVISIONING_PROFILE = "";
			};
			name = Debug;
		};
		271036BF1C337C8600AC3717 /* Release */ = {
			isa = XCBuildConfiguration;
			buildSettings = {
				ASSETCATALOG_COMPILER_APPICON_NAME = AppIcon;
				CODE_SIGN_IDENTITY = "iPhone Developer";
				"CODE_SIGN_IDENTITY[sdk=iphoneos*]" = "iPhone Developer";
				EMBEDDED_CONTENT_CONTAINS_SWIFT = YES;
				INFOPLIST_FILE = SwiftledMobile/Info.plist;
				LD_RUNPATH_SEARCH_PATHS = "$(inherited) @executable_path/Frameworks";
				PRODUCT_BUNDLE_IDENTIFIER = com.swiftled.SwiftledMobile;
				PRODUCT_NAME = "$(TARGET_NAME)";
				PROVISIONING_PROFILE = "";
			};
			name = Release;
		};
		271036CF1C337CA700AC3717 /* Debug */ = {
			isa = XCBuildConfiguration;
			buildSettings = {
				CLANG_ENABLE_MODULES = YES;
				CURRENT_PROJECT_VERSION = 1;
				DEFINES_MODULE = YES;
				DYLIB_COMPATIBILITY_VERSION = 1;
				DYLIB_CURRENT_VERSION = 1;
				DYLIB_INSTALL_NAME_BASE = "@rpath";
				HEADER_SEARCH_PATHS = (
					"$(SRCROOT)/../Sources/OPC",
					"$(inherited)",
				);
				INFOPLIST_FILE = ../Sources/OPC/Info.plist;
				INSTALL_PATH = "$(LOCAL_LIBRARY_DIR)/Frameworks";
				LD_RUNPATH_SEARCH_PATHS = "$(inherited) @executable_path/Frameworks @loader_path/Frameworks";
				PRODUCT_BUNDLE_IDENTIFIER = com.swiftled.OPC;
				PRODUCT_NAME = "$(TARGET_NAME)";
				SKIP_INSTALL = YES;
				SWIFT_OPTIMIZATION_LEVEL = "-Onone";
				VERSIONING_SYSTEM = "apple-generic";
				VERSION_INFO_PREFIX = "";
			};
			name = Debug;
		};
		271036D01C337CA700AC3717 /* Release */ = {
			isa = XCBuildConfiguration;
			buildSettings = {
				CLANG_ENABLE_MODULES = YES;
				CURRENT_PROJECT_VERSION = 1;
				DEFINES_MODULE = YES;
				DYLIB_COMPATIBILITY_VERSION = 1;
				DYLIB_CURRENT_VERSION = 1;
				DYLIB_INSTALL_NAME_BASE = "@rpath";
				HEADER_SEARCH_PATHS = (
					"$(SRCROOT)/../Sources/OPC",
					"$(inherited)",
				);
				INFOPLIST_FILE = ../Sources/OPC/Info.plist;
				INSTALL_PATH = "$(LOCAL_LIBRARY_DIR)/Frameworks";
				LD_RUNPATH_SEARCH_PATHS = "$(inherited) @executable_path/Frameworks @loader_path/Frameworks";
				PRODUCT_BUNDLE_IDENTIFIER = com.swiftled.OPC;
				PRODUCT_NAME = "$(TARGET_NAME)";
				SKIP_INSTALL = YES;
				VERSIONING_SYSTEM = "apple-generic";
				VERSION_INFO_PREFIX = "";
			};
			name = Release;
		};
		273B78FC1C6684F1007AC781 /* Debug */ = {
			isa = XCBuildConfiguration;
			buildSettings = {
				INFOPLIST_FILE = OPCTests/Info.plist;
				LD_RUNPATH_SEARCH_PATHS = "$(inherited) @executable_path/Frameworks @loader_path/Frameworks";
				PRODUCT_BUNDLE_IDENTIFIER = com.swiftled.OPCTests;
				PRODUCT_NAME = "$(TARGET_NAME)";
				TEST_HOST = "$(BUILT_PRODUCTS_DIR)/SwiftledMobile.app/SwiftledMobile";
			};
			name = Debug;
		};
		273B78FD1C6684F1007AC781 /* Release */ = {
			isa = XCBuildConfiguration;
			buildSettings = {
				INFOPLIST_FILE = OPCTests/Info.plist;
				LD_RUNPATH_SEARCH_PATHS = "$(inherited) @executable_path/Frameworks @loader_path/Frameworks";
				PRODUCT_BUNDLE_IDENTIFIER = com.swiftled.OPCTests;
				PRODUCT_NAME = "$(TARGET_NAME)";
				TEST_HOST = "$(BUILT_PRODUCTS_DIR)/SwiftledMobile.app/SwiftledMobile";
			};
			name = Release;
		};
/* End XCBuildConfiguration section */

/* Begin XCConfigurationList section */
		271036A61C337C8600AC3717 /* Build configuration list for PBXProject "SwiftledMobile" */ = {
			isa = XCConfigurationList;
			buildConfigurations = (
				271036BB1C337C8600AC3717 /* Debug */,
				271036BC1C337C8600AC3717 /* Release */,
			);
			defaultConfigurationIsVisible = 0;
			defaultConfigurationName = Release;
		};
		271036BD1C337C8600AC3717 /* Build configuration list for PBXNativeTarget "SwiftledMobile" */ = {
			isa = XCConfigurationList;
			buildConfigurations = (
				271036BE1C337C8600AC3717 /* Debug */,
				271036BF1C337C8600AC3717 /* Release */,
			);
			defaultConfigurationIsVisible = 0;
			defaultConfigurationName = Release;
		};
		271036CE1C337CA700AC3717 /* Build configuration list for PBXNativeTarget "OPC" */ = {
			isa = XCConfigurationList;
			buildConfigurations = (
				271036CF1C337CA700AC3717 /* Debug */,
				271036D01C337CA700AC3717 /* Release */,
			);
			defaultConfigurationIsVisible = 0;
			defaultConfigurationName = Release;
		};
		273B78FB1C6684F1007AC781 /* Build configuration list for PBXNativeTarget "OPCTests" */ = {
			isa = XCConfigurationList;
			buildConfigurations = (
				273B78FC1C6684F1007AC781 /* Debug */,
				273B78FD1C6684F1007AC781 /* Release */,
			);
			defaultConfigurationIsVisible = 0;
			defaultConfigurationName = Release;
		};
/* End XCConfigurationList section */
	};
	rootObject = 271036A31C337C8600AC3717 /* Project object */;
}
